
Microsoft Visual Studio Solution File, Format Version 12.00
# Visual Studio 2012
Project("{FAE04EC0-301F-11D3-BF4B-00C04F79EFBC}") = "Billing.Web", "Billing.Web\Billing.Web.csproj", "{34473634-0C4E-450A-907E-9B7DAF4EC0E3}"
EndProject
Project("{FAE04EC0-301F-11D3-BF4B-00C04F79EFBC}") = "Billing.Utils", "Billing.Utils\Billing.Utils.csproj", "{4B30C3CF-3605-418E-B075-612D86B84BCD}"
EndProject
Global
	GlobalSection(TeamFoundationVersionControl) = preSolution
		SccNumberOfProjects = 3
		SccEnterpriseProvider = {4CA58AB2-18FA-4F8D-95D4-32DDF27D184C}
		SccTeamFoundationServer = http://192.168.9.250:8080/tfs/proyectos-2017
		SccLocalPath0 = .
		SccProjectUniqueName1 = Billing.Web\\Billing.Web.csproj
		SccProjectName1 = Billing.Web
		SccLocalPath1 = Billing.Web
		SccProjectUniqueName2 = Billing.Utils\\Billing.Utils.csproj
		SccProjectName2 = Billing.Utils
		SccLocalPath2 = Billing.Utils
	EndGlobalSection
	GlobalSection(SolutionConfigurationPlatforms) = preSolution
		Debug|Any CPU = Debug|Any CPU
		Release|Any CPU = Release|Any CPU
	EndGlobalSection
	GlobalSection(ProjectConfigurationPlatforms) = postSolution
		{34473634-0C4E-450A-907E-9B7DAF4EC0E3}.Debug|Any CPU.ActiveCfg = Debug|Any CPU
		{34473634-0C4E-450A-907E-9B7DAF4EC0E3}.Debug|Any CPU.Build.0 = Debug|Any CPU
		{34473634-0C4E-450A-907E-9B7DAF4EC0E3}.Release|Any CPU.ActiveCfg = Release|Any CPU
		{34473634-0C4E-450A-907E-9B7DAF4EC0E3}.Release|Any CPU.Build.0 = Release|Any CPU
		{4B30C3CF-3605-418E-B075-612D86B84BCD}.Debug|Any CPU.ActiveCfg = Debug|Any CPU
		{4B30C3CF-3605-418E-B075-612D86B84BCD}.Debug|Any CPU.Build.0 = Debug|Any CPU
		{4B30C3CF-3605-418E-B075-612D86B84BCD}.Release|Any CPU.ActiveCfg = Release|Any CPU
		{4B30C3CF-3605-418E-B075-612D86B84BCD}.Release|Any CPU.Build.0 = Release|Any CPU
	EndGlobalSection
	GlobalSection(SolutionProperties) = preSolution
		HideSolutionNode = FALSE
	EndGlobalSection
EndGlobal
